// !$*UTF8*$!
{
	archiveVersion = 1;
	classes = {
	};
	objectVersion = 51;
	objects = {

/* Begin PBXBuildFile section */
		3591FF6824A2A4FC00F2CB3B /* AppDelegate.swift in Sources */ = {isa = PBXBuildFile; fileRef = 3591FF6724A2A4FC00F2CB3B /* AppDelegate.swift */; };
		3591FF6A24A2A4FC00F2CB3B /* SceneDelegate.swift in Sources */ = {isa = PBXBuildFile; fileRef = 3591FF6924A2A4FC00F2CB3B /* SceneDelegate.swift */; };
		3591FF7424A2A4FD00F2CB3B /* LaunchScreen.storyboard in Resources */ = {isa = PBXBuildFile; fileRef = 3591FF7224A2A4FD00F2CB3B /* LaunchScreen.storyboard */; };
		3591FF8024A2A75500F2CB3B /* ChatViewController.swift in Sources */ = {isa = PBXBuildFile; fileRef = 3591FF7C24A2A75500F2CB3B /* ChatViewController.swift */; };
		3591FF8124A2A75500F2CB3B /* WelcomeViewController.swift in Sources */ = {isa = PBXBuildFile; fileRef = 3591FF7D24A2A75500F2CB3B /* WelcomeViewController.swift */; };
		3591FF8224A2A75500F2CB3B /* LoginViewController.swift in Sources */ = {isa = PBXBuildFile; fileRef = 3591FF7E24A2A75500F2CB3B /* LoginViewController.swift */; };
		3591FF8324A2A75500F2CB3B /* RegisterViewController.swift in Sources */ = {isa = PBXBuildFile; fileRef = 3591FF7F24A2A75500F2CB3B /* RegisterViewController.swift */; };
		3591FF8524A2A78800F2CB3B /* Main.storyboard in Resources */ = {isa = PBXBuildFile; fileRef = 3591FF8424A2A78800F2CB3B /* Main.storyboard */; };
		3591FF8724A2A7A300F2CB3B /* Assets.xcassets in Resources */ = {isa = PBXBuildFile; fileRef = 3591FF8624A2A7A200F2CB3B /* Assets.xcassets */; };
		3591FF8B24A3BCD800F2CB3B /* GoogleService-Info.plist in Resources */ = {isa = PBXBuildFile; fileRef = 3591FF8A24A3BCD800F2CB3B /* GoogleService-Info.plist */; };
		DCEDFC069B57EA161AE22FAD /* Pods_zat_chat.framework in Frameworks */ = {isa = PBXBuildFile; fileRef = CCF585EAF28118547AED18AF /* Pods_zat_chat.framework */; };
/* End PBXBuildFile section */

/* Begin PBXFileReference section */
		3591FF6424A2A4FC00F2CB3B /* zat-chat.app */ = {isa = PBXFileReference; explicitFileType = wrapper.application; includeInIndex = 0; path = "zat-chat.app"; sourceTree = BUILT_PRODUCTS_DIR; };
		3591FF6724A2A4FC00F2CB3B /* AppDelegate.swift */ = {isa = PBXFileReference; lastKnownFileType = sourcecode.swift; path = AppDelegate.swift; sourceTree = "<group>"; };
		3591FF6924A2A4FC00F2CB3B /* SceneDelegate.swift */ = {isa = PBXFileReference; lastKnownFileType = sourcecode.swift; path = SceneDelegate.swift; sourceTree = "<group>"; };
		3591FF7324A2A4FD00F2CB3B /* Base */ = {isa = PBXFileReference; lastKnownFileType = file.storyboard; name = Base; path = Base.lproj/LaunchScreen.storyboard; sourceTree = "<group>"; };
		3591FF7524A2A4FD00F2CB3B /* Info.plist */ = {isa = PBXFileReference; lastKnownFileType = text.plist.xml; path = Info.plist; sourceTree = "<group>"; };
		3591FF7C24A2A75500F2CB3B /* ChatViewController.swift */ = {isa = PBXFileReference; fileEncoding = 4; lastKnownFileType = sourcecode.swift; path = ChatViewController.swift; sourceTree = "<group>"; };
		3591FF7D24A2A75500F2CB3B /* WelcomeViewController.swift */ = {isa = PBXFileReference; fileEncoding = 4; lastKnownFileType = sourcecode.swift; path = WelcomeViewController.swift; sourceTree = "<group>"; };
		3591FF7E24A2A75500F2CB3B /* LoginViewController.swift */ = {isa = PBXFileReference; fileEncoding = 4; lastKnownFileType = sourcecode.swift; path = LoginViewController.swift; sourceTree = "<group>"; };
		3591FF7F24A2A75500F2CB3B /* RegisterViewController.swift */ = {isa = PBXFileReference; fileEncoding = 4; lastKnownFileType = sourcecode.swift; path = RegisterViewController.swift; sourceTree = "<group>"; };
		3591FF8424A2A78800F2CB3B /* Main.storyboard */ = {isa = PBXFileReference; fileEncoding = 4; lastKnownFileType = file.storyboard; path = Main.storyboard; sourceTree = "<group>"; };
		3591FF8624A2A7A200F2CB3B /* Assets.xcassets */ = {isa = PBXFileReference; lastKnownFileType = folder.assetcatalog; name = Assets.xcassets; path = "../../../Downloads/Flash-Chat-iOS13-master/Flash Chat iOS13/Assets.xcassets"; sourceTree = "<group>"; };
		3591FF8A24A3BCD800F2CB3B /* GoogleService-Info.plist */ = {isa = PBXFileReference; fileEncoding = 4; lastKnownFileType = text.plist.xml; path = "GoogleService-Info.plist"; sourceTree = "<group>"; };
		76A1CC2DA35480CC0FA295F8 /* Pods-zat-chat.release.xcconfig */ = {isa = PBXFileReference; includeInIndex = 1; lastKnownFileType = text.xcconfig; name = "Pods-zat-chat.release.xcconfig"; path = "Target Support Files/Pods-zat-chat/Pods-zat-chat.release.xcconfig"; sourceTree = "<group>"; };
		BB91E9EA0DCED435E7D52508 /* Pods-zat-chat.debug.xcconfig */ = {isa = PBXFileReference; includeInIndex = 1; lastKnownFileType = text.xcconfig; name = "Pods-zat-chat.debug.xcconfig"; path = "Target Support Files/Pods-zat-chat/Pods-zat-chat.debug.xcconfig"; sourceTree = "<group>"; };
		CCF585EAF28118547AED18AF /* Pods_zat_chat.framework */ = {isa = PBXFileReference; explicitFileType = wrapper.framework; includeInIndex = 0; path = Pods_zat_chat.framework; sourceTree = BUILT_PRODUCTS_DIR; };
/* End PBXFileReference section */

/* Begin PBXFrameworksBuildPhase section */
		3591FF6124A2A4FC00F2CB3B /* Frameworks */ = {
			isa = PBXFrameworksBuildPhase;
			buildActionMask = 2147483647;
			files = (
				DCEDFC069B57EA161AE22FAD /* Pods_zat_chat.framework in Frameworks */,
			);
			runOnlyForDeploymentPostprocessing = 0;
		};
/* End PBXFrameworksBuildPhase section */

/* Begin PBXGroup section */
		3033FE5FA8EA6E5D4B10C417 /* Frameworks */ = {
			isa = PBXGroup;
			children = (
				CCF585EAF28118547AED18AF /* Pods_zat_chat.framework */,
			);
			name = Frameworks;
			sourceTree = "<group>";
		};
		3591FF5B24A2A4FC00F2CB3B = {
			isa = PBXGroup;
			children = (
				3591FF6624A2A4FC00F2CB3B /* zat-chat */,
				3591FF6524A2A4FC00F2CB3B /* Products */,
				90D0C2F2965770D042A81A44 /* Pods */,
				3033FE5FA8EA6E5D4B10C417 /* Frameworks */,
			);
			sourceTree = "<group>";
		};
		3591FF6524A2A4FC00F2CB3B /* Products */ = {
			isa = PBXGroup;
			children = (
				3591FF6424A2A4FC00F2CB3B /* zat-chat.app */,
			);
			name = Products;
			sourceTree = "<group>";
		};
		3591FF6624A2A4FC00F2CB3B /* zat-chat */ = {
			isa = PBXGroup;
			children = (
				3591FF8A24A3BCD800F2CB3B /* GoogleService-Info.plist */,
				3591FF8924A2B61A00F2CB3B /* Models */,
				3591FF6724A2A4FC00F2CB3B /* AppDelegate.swift */,
				3591FF6924A2A4FC00F2CB3B /* SceneDelegate.swift */,
				3591FF8624A2A7A200F2CB3B /* Assets.xcassets */,
				3591FF8824A2B60F00F2CB3B /* Views */,
				3591FF7224A2A4FD00F2CB3B /* LaunchScreen.storyboard */,
				3591FF7B24A2A75500F2CB3B /* Controllers */,
				3591FF7524A2A4FD00F2CB3B /* Info.plist */,
			);
			path = "zat-chat";
			sourceTree = "<group>";
		};
		3591FF7B24A2A75500F2CB3B /* Controllers */ = {
			isa = PBXGroup;
			children = (
				3591FF7C24A2A75500F2CB3B /* ChatViewController.swift */,
				3591FF7D24A2A75500F2CB3B /* WelcomeViewController.swift */,
				3591FF7E24A2A75500F2CB3B /* LoginViewController.swift */,
				3591FF7F24A2A75500F2CB3B /* RegisterViewController.swift */,
			);
			path = Controllers;
			sourceTree = "<group>";
		};
		3591FF8824A2B60F00F2CB3B /* Views */ = {
			isa = PBXGroup;
			children = (
				3591FF8424A2A78800F2CB3B /* Main.storyboard */,
			);
			path = Views;
			sourceTree = "<group>";
		};
		3591FF8924A2B61A00F2CB3B /* Models */ = {
			isa = PBXGroup;
			children = (
			);
			path = Models;
			sourceTree = "<group>";
		};
		90D0C2F2965770D042A81A44 /* Pods */ = {
			isa = PBXGroup;
			children = (
				BB91E9EA0DCED435E7D52508 /* Pods-zat-chat.debug.xcconfig */,
				76A1CC2DA35480CC0FA295F8 /* Pods-zat-chat.release.xcconfig */,
			);
			path = Pods;
			sourceTree = "<group>";
		};
/* End PBXGroup section */

/* Begin PBXNativeTarget section */
		3591FF6324A2A4FC00F2CB3B /* zat-chat */ = {
			isa = PBXNativeTarget;
			buildConfigurationList = 3591FF7824A2A4FD00F2CB3B /* Build configuration list for PBXNativeTarget "zat-chat" */;
			buildPhases = (
				39FF378BC2B79918EAEB8D0A /* [CP] Check Pods Manifest.lock */,
				3591FF6024A2A4FC00F2CB3B /* Sources */,
				3591FF6124A2A4FC00F2CB3B /* Frameworks */,
				3591FF6224A2A4FC00F2CB3B /* Resources */,
				F5B7DEB780162B87FD548817 /* [CP] Embed Pods Frameworks */,
			);
			buildRules = (
			);
			dependencies = (
			);
			name = "zat-chat";
			productName = "zat-chat";
			productReference = 3591FF6424A2A4FC00F2CB3B /* zat-chat.app */;
			productType = "com.apple.product-type.application";
		};
/* End PBXNativeTarget section */

/* Begin PBXProject section */
		3591FF5C24A2A4FC00F2CB3B /* Project object */ = {
			isa = PBXProject;
			attributes = {
				LastSwiftUpdateCheck = 1150;
				LastUpgradeCheck = 1150;
				ORGANIZATIONNAME = "Jacob Haff";
				TargetAttributes = {
					3591FF6324A2A4FC00F2CB3B = {
						CreatedOnToolsVersion = 11.5;
					};
				};
			};
			buildConfigurationList = 3591FF5F24A2A4FC00F2CB3B /* Build configuration list for PBXProject "zat-chat" */;
			compatibilityVersion = "Xcode 9.3";
			developmentRegion = en;
			hasScannedForEncodings = 0;
			knownRegions = (
				en,
				Base,
			);
			mainGroup = 3591FF5B24A2A4FC00F2CB3B;
			productRefGroup = 3591FF6524A2A4FC00F2CB3B /* Products */;
			projectDirPath = "";
			projectRoot = "";
			targets = (
				3591FF6324A2A4FC00F2CB3B /* zat-chat */,
			);
		};
/* End PBXProject section */

/* Begin PBXResourcesBuildPhase section */
		3591FF6224A2A4FC00F2CB3B /* Resources */ = {
			isa = PBXResourcesBuildPhase;
			buildActionMask = 2147483647;
			files = (
				3591FF8524A2A78800F2CB3B /* Main.storyboard in Resources */,
				3591FF8B24A3BCD800F2CB3B /* GoogleService-Info.plist in Resources */,
				3591FF7424A2A4FD00F2CB3B /* LaunchScreen.storyboard in Resources */,
				3591FF8724A2A7A300F2CB3B /* Assets.xcassets in Resources */,
			);
			runOnlyForDeploymentPostprocessing = 0;
		};
/* End PBXResourcesBuildPhase section */

/* Begin PBXShellScriptBuildPhase section */
		39FF378BC2B79918EAEB8D0A /* [CP] Check Pods Manifest.lock */ = {
			isa = PBXShellScriptBuildPhase;
			buildActionMask = 2147483647;
			files = (
			);
			inputFileListPaths = (
			);
			inputPaths = (
				"${PODS_PODFILE_DIR_PATH}/Podfile.lock",
				"${PODS_ROOT}/Manifest.lock",
			);
			name = "[CP] Check Pods Manifest.lock";
			outputFileListPaths = (
			);
			outputPaths = (
				"$(DERIVED_FILE_DIR)/Pods-zat-chat-checkManifestLockResult.txt",
			);
			runOnlyForDeploymentPostprocessing = 0;
			shellPath = /bin/sh;
			shellScript = "diff \"${PODS_PODFILE_DIR_PATH}/Podfile.lock\" \"${PODS_ROOT}/Manifest.lock\" > /dev/null\nif [ $? != 0 ] ; then\n    # print error to STDERR\n    echo \"error: The sandbox is not in sync with the Podfile.lock. Run 'pod install' or update your CocoaPods installation.\" >&2\n    exit 1\nfi\n# This output is used by Xcode 'outputs' to avoid re-running this script phase.\necho \"SUCCESS\" > \"${SCRIPT_OUTPUT_FILE_0}\"\n";
			showEnvVarsInLog = 0;
		};
		F5B7DEB780162B87FD548817 /* [CP] Embed Pods Frameworks */ = {
			isa = PBXShellScriptBuildPhase;
			buildActionMask = 2147483647;
			files = (
			);
			inputFileListPaths = (
				"${PODS_ROOT}/Target Support Files/Pods-zat-chat/Pods-zat-chat-frameworks-${CONFIGURATION}-input-files.xcfilelist",
			);
			name = "[CP] Embed Pods Frameworks";
			outputFileListPaths = (
				"${PODS_ROOT}/Target Support Files/Pods-zat-chat/Pods-zat-chat-frameworks-${CONFIGURATION}-output-files.xcfilelist",
			);
			runOnlyForDeploymentPostprocessing = 0;
			shellPath = /bin/sh;
			shellScript = "\"${PODS_ROOT}/Target Support Files/Pods-zat-chat/Pods-zat-chat-frameworks.sh\"\n";
			showEnvVarsInLog = 0;
		};
/* End PBXShellScriptBuildPhase section */

/* Begin PBXSourcesBuildPhase section */
		3591FF6024A2A4FC00F2CB3B /* Sources */ = {
			isa = PBXSourcesBuildPhase;
			buildActionMask = 2147483647;
			files = (
				3591FF8224A2A75500F2CB3B /* LoginViewController.swift in Sources */,
				3591FF8324A2A75500F2CB3B /* RegisterViewController.swift in Sources */,
				3591FF8124A2A75500F2CB3B /* WelcomeViewController.swift in Sources */,
				3591FF6824A2A4FC00F2CB3B /* AppDelegate.swift in Sources */,
				3591FF8024A2A75500F2CB3B /* ChatViewController.swift in Sources */,
				3591FF6A24A2A4FC00F2CB3B /* SceneDelegate.swift in Sources */,
			);
			runOnlyForDeploymentPostprocessing = 0;
		};
/* End PBXSourcesBuildPhase section */

/* Begin PBXVariantGroup section */
		3591FF7224A2A4FD00F2CB3B /* LaunchScreen.storyboard */ = {
			isa = PBXVariantGroup;
			children = (
				3591FF7324A2A4FD00F2CB3B /* Base */,
			);
			name = LaunchScreen.storyboard;
			sourceTree = "<group>";
		};
/* End PBXVariantGroup section */

/* Begin XCBuildConfiguration section */
		3591FF7624A2A4FD00F2CB3B /* Debug */ = {
			isa = XCBuildConfiguration;
			buildSettings = {
				ALWAYS_SEARCH_USER_PATHS = NO;
				CLANG_ANALYZER_NONNULL = YES;
				CLANG_ANALYZER_NUMBER_OBJECT_CONVERSION = YES_AGGRESSIVE;
				CLANG_CXX_LANGUAGE_STANDARD = "gnu++14";
				CLANG_CXX_LIBRARY = "libc++";
				CLANG_ENABLE_MODULES = YES;
				CLANG_ENABLE_OBJC_ARC = YES;
				CLANG_ENABLE_OBJC_WEAK = YES;
				CLANG_WARN_BLOCK_CAPTURE_AUTORELEASING = YES;
				CLANG_WARN_BOOL_CONVERSION = YES;
				CLANG_WARN_COMMA = YES;
				CLANG_WARN_CONSTANT_CONVERSION = YES;
				CLANG_WARN_DEPRECATED_OBJC_IMPLEMENTATIONS = YES;
				CLANG_WARN_DIRECT_OBJC_ISA_USAGE = YES_ERROR;
				CLANG_WARN_DOCUMENTATION_COMMENTS = YES;
				CLANG_WARN_EMPTY_BODY = YES;
				CLANG_WARN_ENUM_CONVERSION = YES;
				CLANG_WARN_INFINITE_RECURSION = YES;
				CLANG_WARN_INT_CONVERSION = YES;
				CLANG_WARN_NON_LITERAL_NULL_CONVERSION = YES;
				CLANG_WARN_OBJC_IMPLICIT_RETAIN_SELF = YES;
				CLANG_WARN_OBJC_LITERAL_CONVERSION = YES;
				CLANG_WARN_OBJC_ROOT_CLASS = YES_ERROR;
				CLANG_WARN_RANGE_LOOP_ANALYSIS = YES;
				CLANG_WARN_STRICT_PROTOTYPES = YES;
				CLANG_WARN_SUSPICIOUS_MOVE = YES;
				CLANG_WARN_UNGUARDED_AVAILABILITY = YES_AGGRESSIVE;
				CLANG_WARN_UNREACHABLE_CODE = YES;
				CLANG_WARN__DUPLICATE_METHOD_MATCH = YES;
				COPY_PHASE_STRIP = NO;
				DEBUG_INFORMATION_FORMAT = dwarf;
				ENABLE_STRICT_OBJC_MSGSEND = YES;
				ENABLE_TESTABILITY = YES;
				GCC_C_LANGUAGE_STANDARD = gnu11;
				GCC_DYNAMIC_NO_PIC = NO;
				GCC_NO_COMMON_BLOCKS = YES;
				GCC_OPTIMIZATION_LEVEL = 0;
				GCC_PREPROCESSOR_DEFINITIONS = (
					"DEBUG=1",
					"$(inherited)",
				);
				GCC_WARN_64_TO_32_BIT_CONVERSION = YES;
				GCC_WARN_ABOUT_RETURN_TYPE = YES_ERROR;
				GCC_WARN_UNDECLARED_SELECTOR = YES;
				GCC_WARN_UNINITIALIZED_AUTOS = YES_AGGRESSIVE;
				GCC_WARN_UNUSED_FUNCTION = YES;
				GCC_WARN_UNUSED_VARIABLE = YES;
				IPHONEOS_DEPLOYMENT_TARGET = 13.5;
				MTL_ENABLE_DEBUG_INFO = INCLUDE_SOURCE;
				MTL_FAST_MATH = YES;
				ONLY_ACTIVE_ARCH = YES;
				SDKROOT = iphoneos;
				SWIFT_ACTIVE_COMPILATION_CONDITIONS = DEBUG;
				SWIFT_OPTIMIZATION_LEVEL = "-Onone";
			};
			name = Debug;
		};
		3591FF7724A2A4FD00F2CB3B /* Release */ = {
			isa = XCBuildConfiguration;
			buildSettings = {
				ALWAYS_SEARCH_USER_PATHS = NO;
				CLANG_ANALYZER_NONNULL = YES;
				CLANG_ANALYZER_NUMBER_OBJECT_CONVERSION = YES_AGGRESSIVE;
				CLANG_CXX_LANGUAGE_STANDARD = "gnu++14";
				CLANG_CXX_LIBRARY = "libc++";
				CLANG_ENABLE_MODULES = YES;
				CLANG_ENABLE_OBJC_ARC = YES;
				CLANG_ENABLE_OBJC_WEAK = YES;
				CLANG_WARN_BLOCK_CAPTURE_AUTORELEASING = YES;
				CLANG_WARN_BOOL_CONVERSION = YES;
				CLANG_WARN_COMMA = YES;
				CLANG_WARN_CONSTANT_CONVERSION = YES;
				CLANG_WARN_DEPRECATED_OBJC_IMPLEMENTATIONS = YES;
				CLANG_WARN_DIRECT_OBJC_ISA_USAGE = YES_ERROR;
				CLANG_WARN_DOCUMENTATION_COMMENTS = YES;
				CLANG_WARN_EMPTY_BODY = YES;
				CLANG_WARN_ENUM_CONVERSION = YES;
				CLANG_WARN_INFINITE_RECURSION = YES;
				CLANG_WARN_INT_CONVERSION = YES;
				CLANG_WARN_NON_LITERAL_NULL_CONVERSION = YES;
				CLANG_WARN_OBJC_IMPLICIT_RETAIN_SELF = YES;
				CLANG_WARN_OBJC_LITERAL_CONVERSION = YES;
				CLANG_WARN_OBJC_ROOT_CLASS = YES_ERROR;
				CLANG_WARN_RANGE_LOOP_ANALYSIS = YES;
				CLANG_WARN_STRICT_PROTOTYPES = YES;
				CLANG_WARN_SUSPICIOUS_MOVE = YES;
				CLANG_WARN_UNGUARDED_AVAILABILITY = YES_AGGRESSIVE;
				CLANG_WARN_UNREACHABLE_CODE = YES;
				CLANG_WARN__DUPLICATE_METHOD_MATCH = YES;
				COPY_PHASE_STRIP = NO;
				DEBUG_INFORMATION_FORMAT = "dwarf-with-dsym";
				ENABLE_NS_ASSERTIONS = NO;
				ENABLE_STRICT_OBJC_MSGSEND = YES;
				GCC_C_LANGUAGE_STANDARD = gnu11;
				GCC_NO_COMMON_BLOCKS = YES;
				GCC_WARN_64_TO_32_BIT_CONVERSION = YES;
				GCC_WARN_ABOUT_RETURN_TYPE = YES_ERROR;
				GCC_WARN_UNDECLARED_SELECTOR = YES;
				GCC_WARN_UNINITIALIZED_AUTOS = YES_AGGRESSIVE;
				GCC_WARN_UNUSED_FUNCTION = YES;
				GCC_WARN_UNUSED_VARIABLE = YES;
				IPHONEOS_DEPLOYMENT_TARGET = 13.5;
				MTL_ENABLE_DEBUG_INFO = NO;
				MTL_FAST_MATH = YES;
				SDKROOT = iphoneos;
				SWIFT_COMPILATION_MODE = wholemodule;
				SWIFT_OPTIMIZATION_LEVEL = "-O";
				VALIDATE_PRODUCT = YES;
			};
			name = Release;
		};
		3591FF7924A2A4FD00F2CB3B /* Debug */ = {
			isa = XCBuildConfiguration;
			baseConfigurationReference = BB91E9EA0DCED435E7D52508 /* Pods-zat-chat.debug.xcconfig */;
			buildSettings = {
				ASSETCATALOG_COMPILER_APPICON_NAME = AppIcon;
				CODE_SIGN_STYLE = Automatic;
				DEVELOPMENT_TEAM = 6NAGA2S5P2;
				INFOPLIST_FILE = "zat-chat/Info.plist";
				LD_RUNPATH_SEARCH_PATHS = (
					"$(inherited)",
					"@executable_path/Frameworks",
				);
				PRODUCT_BUNDLE_IDENTIFIER = "com.jacobhaff.zat-chat";
				PRODUCT_NAME = "$(TARGET_NAME)";
				SWIFT_VERSION = 5.0;
				TARGETED_DEVICE_FAMILY = "1,2";
			};
			name = Debug;
		};
		3591FF7A24A2A4FD00F2CB3B /* Release */ = {
			isa = XCBuildConfiguration;
			baseConfigurationReference = 76A1CC2DA35480CC0FA295F8 /* Pods-zat-chat.release.xcconfig */;
			buildSettings = {
				ASSETCATALOG_COMPILER_APPICON_NAME = AppIcon;
				CODE_SIGN_STYLE = Automatic;
				DEVELOPMENT_TEAM = 6NAGA2S5P2;
				INFOPLIST_FILE = "zat-chat/Info.plist";
				LD_RUNPATH_SEARCH_PATHS = (
					"$(inherited)",
					"@executable_path/Frameworks",
				);
				PRODUCT_BUNDLE_IDENTIFIER = "com.jacobhaff.zat-chat";
				PRODUCT_NAME = "$(TARGET_NAME)";
				SWIFT_VERSION = 5.0;
				TARGETED_DEVICE_FAMILY = "1,2";
			};
			name = Release;
		};
/* End XCBuildConfiguration section */

/* Begin XCConfigurationList section */
		3591FF5F24A2A4FC00F2CB3B /* Build configuration list for PBXProject "zat-chat" */ = {
			isa = XCConfigurationList;
			buildConfigurations = (
				3591FF7624A2A4FD00F2CB3B /* Debug */,
				3591FF7724A2A4FD00F2CB3B /* Release */,
			);
			defaultConfigurationIsVisible = 0;
			defaultConfigurationName = Release;
		};
		3591FF7824A2A4FD00F2CB3B /* Build configuration list for PBXNativeTarget "zat-chat" */ = {
			isa = XCConfigurationList;
			buildConfigurations = (
				3591FF7924A2A4FD00F2CB3B /* Debug */,
				3591FF7A24A2A4FD00F2CB3B /* Release */,
			);
			defaultConfigurationIsVisible = 0;
			defaultConfigurationName = Release;
		};
/* End XCConfigurationList section */
	};
	rootObject = 3591FF5C24A2A4FC00F2CB3B /* Project object */;
}
